// !$*UTF8*$!
{
	archiveVersion = 1;
	classes = {
	};
	objectVersion = 46;
	objects = {

/* Begin PBXBuildFile section */
		0AB86E7E1A09685B0048C5EB /* ModelTypes.swift in Sources */ = {isa = PBXBuildFile; fileRef = 0AB86E7D1A09685B0048C5EB /* ModelTypes.swift */; };
		0AC181741A00791500157BC5 /* HelperFunctions.swift in Sources */ = {isa = PBXBuildFile; fileRef = 0AC181711A00791500157BC5 /* HelperFunctions.swift */; };
		0AC181751A00791500157BC5 /* main.swift in Sources */ = {isa = PBXBuildFile; fileRef = 0AC181721A00791500157BC5 /* main.swift */; };
		0AC181761A00791500157BC5 /* ModelConstants.swift in Sources */ = {isa = PBXBuildFile; fileRef = 0AC181731A00791500157BC5 /* ModelConstants.swift */; };
/* End PBXBuildFile section */

/* Begin PBXCopyFilesBuildPhase section */
		0A96A1851A0024910028D9CD /* CopyFiles */ = {
			isa = PBXCopyFilesBuildPhase;
			buildActionMask = 2147483647;
			dstPath = /usr/share/man/man1/;
			dstSubfolderSpec = 0;
			files = (
			);
			runOnlyForDeploymentPostprocessing = 1;
		};
/* End PBXCopyFilesBuildPhase section */

/* Begin PBXFileReference section */
		0A96A1871A0024910028D9CD /* BoneRemodelingAnalysis */ = {isa = PBXFileReference; explicitFileType = "compiled.mach-o.executable"; includeInIndex = 0; path = BoneRemodelingAnalysis; sourceTree = BUILT_PRODUCTS_DIR; };
		0AB86E7D1A09685B0048C5EB /* ModelTypes.swift */ = {isa = PBXFileReference; fileEncoding = 4; lastKnownFileType = sourcecode.swift; path = ModelTypes.swift; sourceTree = SOURCE_ROOT; };
		0AC181711A00791500157BC5 /* HelperFunctions.swift */ = {isa = PBXFileReference; fileEncoding = 4; lastKnownFileType = sourcecode.swift; name = HelperFunctions.swift; path = BoneRemodelingAnalysis/HelperFunctions.swift; sourceTree = SOURCE_ROOT; };
		0AC181721A00791500157BC5 /* main.swift */ = {isa = PBXFileReference; fileEncoding = 4; lastKnownFileType = sourcecode.swift; name = main.swift; path = BoneRemodelingAnalysis/main.swift; sourceTree = SOURCE_ROOT; };
		0AC181731A00791500157BC5 /* ModelConstants.swift */ = {isa = PBXFileReference; fileEncoding = 4; lastKnownFileType = sourcecode.swift; name = ModelConstants.swift; path = BoneRemodelingAnalysis/ModelConstants.swift; sourceTree = SOURCE_ROOT; };
/* End PBXFileReference section */

/* Begin PBXFrameworksBuildPhase section */
		0A96A1841A0024910028D9CD /* Frameworks */ = {
			isa = PBXFrameworksBuildPhase;
			buildActionMask = 2147483647;
			files = (
			);
			runOnlyForDeploymentPostprocessing = 0;
		};
/* End PBXFrameworksBuildPhase section */

/* Begin PBXGroup section */
		0A96A17E1A0024910028D9CD = {
			isa = PBXGroup;
			children = (
				0A96A1891A0024910028D9CD /* BoneFatigueAnalysis */,
				0A96A1881A0024910028D9CD /* Products */,
			);
			sourceTree = "<group>";
		};
		0A96A1881A0024910028D9CD /* Products */ = {
			isa = PBXGroup;
			children = (
				0A96A1871A0024910028D9CD /* BoneRemodelingAnalysis */,
			);
			name = Products;
			sourceTree = "<group>";
		};
		0A96A1891A0024910028D9CD /* BoneFatigueAnalysis */ = {
			isa = PBXGroup;
			children = (
				0AC181711A00791500157BC5 /* HelperFunctions.swift */,
				0AC181731A00791500157BC5 /* ModelConstants.swift */,
				0AC181721A00791500157BC5 /* main.swift */,
				0AB86E7D1A09685B0048C5EB /* ModelTypes.swift */,
			);
			path = BoneFatigueAnalysis;
			sourceTree = "<group>";
		};
/* End PBXGroup section */

/* Begin PBXNativeTarget section */
		0A96A1861A0024910028D9CD /* BoneRemodelingAnalysis */ = {
			isa = PBXNativeTarget;
			buildConfigurationList = 0A96A18E1A0024910028D9CD /* Build configuration list for PBXNativeTarget "BoneRemodelingAnalysis" */;
			buildPhases = (
				0A96A1831A0024910028D9CD /* Sources */,
				0A96A1841A0024910028D9CD /* Frameworks */,
				0A96A1851A0024910028D9CD /* CopyFiles */,
			);
			buildRules = (
			);
			dependencies = (
			);
			name = BoneRemodelingAnalysis;
			productName = BoneFatigueAnalysis;
			productReference = 0A96A1871A0024910028D9CD /* BoneRemodelingAnalysis */;
			productType = "com.apple.product-type.tool";
		};
/* End PBXNativeTarget section */

/* Begin PBXProject section */
		0A96A17F1A0024910028D9CD /* Project object */ = {
			isa = PBXProject;
			attributes = {
				LastUpgradeCheck = 0610;
				ORGANIZATIONNAME = "Michael DeWitt";
				TargetAttributes = {
					0A96A1861A0024910028D9CD = {
						CreatedOnToolsVersion = 6.1;
					};
				};
			};
			buildConfigurationList = 0A96A1821A0024910028D9CD /* Build configuration list for PBXProject "BoneRemodelingAnalysis" */;
			compatibilityVersion = "Xcode 3.2";
			developmentRegion = English;
			hasScannedForEncodings = 0;
			knownRegions = (
				en,
			);
			mainGroup = 0A96A17E1A0024910028D9CD;
			productRefGroup = 0A96A1881A0024910028D9CD /* Products */;
			projectDirPath = "";
			projectRoot = "";
			targets = (
				0A96A1861A0024910028D9CD /* BoneRemodelingAnalysis */,
			);
		};
/* End PBXProject section */

/* Begin PBXSourcesBuildPhase section */
		0A96A1831A0024910028D9CD /* Sources */ = {
			isa = PBXSourcesBuildPhase;
			buildActionMask = 2147483647;
			files = (
				0AC181751A00791500157BC5 /* main.swift in Sources */,
				0AB86E7E1A09685B0048C5EB /* ModelTypes.swift in Sources */,
				0AC181741A00791500157BC5 /* HelperFunctions.swift in Sources */,
				0AC181761A00791500157BC5 /* ModelConstants.swift in Sources */,
			);
			runOnlyForDeploymentPostprocessing = 0;
		};
/* End PBXSourcesBuildPhase section */

/* Begin XCBuildConfiguration section */
		0A96A18C1A0024910028D9CD /* Debug */ = {
			isa = XCBuildConfiguration;
			buildSettings = {
				ALWAYS_SEARCH_USER_PATHS = NO;
				CLANG_CXX_LANGUAGE_STANDARD = "gnu++0x";
				CLANG_CXX_LIBRARY = "libc++";
				CLANG_ENABLE_MODULES = YES;
				CLANG_ENABLE_OBJC_ARC = YES;
				CLANG_WARN_BOOL_CONVERSION = YES;
				CLANG_WARN_CONSTANT_CONVERSION = YES;
				CLANG_WARN_DIRECT_OBJC_ISA_USAGE = YES_ERROR;
				CLANG_WARN_EMPTY_BODY = YES;
				CLANG_WARN_ENUM_CONVERSION = YES;
				CLANG_WARN_INT_CONVERSION = YES;
				CLANG_WARN_OBJC_ROOT_CLASS = YES_ERROR;
				CLANG_WARN_UNREACHABLE_CODE = YES;
				CLANG_WARN__DUPLICATE_METHOD_MATCH = YES;
				COPY_PHASE_STRIP = NO;
				ENABLE_STRICT_OBJC_MSGSEND = YES;
				GCC_C_LANGUAGE_STANDARD = gnu99;
				GCC_DYNAMIC_NO_PIC = NO;
				GCC_OPTIMIZATION_LEVEL = 0;
				GCC_PREPROCESSOR_DEFINITIONS = (
					"DEBUG=1",
					"$(inherited)",
				);
				GCC_SYMBOLS_PRIVATE_EXTERN = NO;
				GCC_WARN_64_TO_32_BIT_CONVERSION = YES;
				GCC_WARN_ABOUT_RETURN_TYPE = YES_ERROR;
				GCC_WARN_UNDECLARED_SELECTOR = YES;
				GCC_WARN_UNINITIALIZED_AUTOS = YES_AGGRESSIVE;
				GCC_WARN_UNUSED_FUNCTION = YES;
				GCC_WARN_UNUSED_VARIABLE = YES;
				MACOSX_DEPLOYMENT_TARGET = 10.10;
				MTL_ENABLE_DEBUG_INFO = YES;
				ONLY_ACTIVE_ARCH = YES;
				SDKROOT = macosx;
				SWIFT_OPTIMIZATION_LEVEL = "-Onone";
			};
			name = Debug;
		};
		0A96A18D1A0024910028D9CD /* Release */ = {
			isa = XCBuildConfiguration;
			buildSettings = {
				ALWAYS_SEARCH_USER_PATHS = NO;
				CLANG_CXX_LANGUAGE_STANDARD = "gnu++0x";
				CLANG_CXX_LIBRARY = "libc++";
				CLANG_ENABLE_MODULES = YES;
				CLANG_ENABLE_OBJC_ARC = YES;
				CLANG_WARN_BOOL_CONVERSION = YES;
				CLANG_WARN_CONSTANT_CONVERSION = YES;
				CLANG_WARN_DIRECT_OBJC_ISA_USAGE = YES_ERROR;
				CLANG_WARN_EMPTY_BODY = YES;
				CLANG_WARN_ENUM_CONVERSION = YES;
				CLANG_WARN_INT_CONVERSION = YES;
				CLANG_WARN_OBJC_ROOT_CLASS = YES_ERROR;
				CLANG_WARN_UNREACHABLE_CODE = YES;
				CLANG_WARN__DUPLICATE_METHOD_MATCH = YES;
				COPY_PHASE_STRIP = YES;
				DEBUG_INFORMATION_FORMAT = "dwarf-with-dsym";
				ENABLE_NS_ASSERTIONS = NO;
				ENABLE_STRICT_OBJC_MSGSEND = YES;
				GCC_C_LANGUAGE_STANDARD = gnu99;
				GCC_WARN_64_TO_32_BIT_CONVERSION = YES;
				GCC_WARN_ABOUT_RETURN_TYPE = YES_ERROR;
				GCC_WARN_UNDECLARED_SELECTOR = YES;
				GCC_WARN_UNINITIALIZED_AUTOS = YES_AGGRESSIVE;
				GCC_WARN_UNUSED_FUNCTION = YES;
				GCC_WARN_UNUSED_VARIABLE = YES;
				MACOSX_DEPLOYMENT_TARGET = 10.10;
				MTL_ENABLE_DEBUG_INFO = NO;
				SDKROOT = macosx;
			};
			name = Release;
		};
		0A96A18F1A0024910028D9CD /* Debug */ = {
			isa = XCBuildConfiguration;
			buildSettings = {
				PRODUCT_NAME = BoneRemodelingAnalysis;
			};
			name = Debug;
		};
		0A96A1901A0024910028D9CD /* Release */ = {
			isa = XCBuildConfiguration;
			buildSettings = {
				PRODUCT_NAME = BoneRemodelingAnalysis;
			};
			name = Release;
		};
/* End XCBuildConfiguration section */

/* Begin XCConfigurationList section */
		0A96A1821A0024910028D9CD /* Build configuration list for PBXProject "BoneRemodelingAnalysis" */ = {
			isa = XCConfigurationList;
			buildConfigurations = (
				0A96A18C1A0024910028D9CD /* Debug */,
				0A96A18D1A0024910028D9CD /* Release */,
			);
			defaultConfigurationIsVisible = 0;
			defaultConfigurationName = Release;
		};
		0A96A18E1A0024910028D9CD /* Build configuration list for PBXNativeTarget "BoneRemodelingAnalysis" */ = {
			isa = XCConfigurationList;
			buildConfigurations = (
				0A96A18F1A0024910028D9CD /* Debug */,
				0A96A1901A0024910028D9CD /* Release */,
			);
			defaultConfigurationIsVisible = 0;
			defaultConfigurationName = Release;
		};
/* End XCConfigurationList section */
	};
	rootObject = 0A96A17F1A0024910028D9CD /* Project object */;
}
